// !$*UTF8*$!
{
	archiveVersion = 1;
	classes = {
	};
	objectVersion = 46;
	objects = {

/* Begin PBXBuildFile section */
		C70C20E413D1974700FEA359 /* UIActionSheet+BMKitAdditions.h in Headers */ = {isa = PBXBuildFile; fileRef = C70C20E213D1974700FEA359 /* UIActionSheet+BMKitAdditions.h */; settings = {ATTRIBUTES = (Public, ); }; };
		C70C20E513D1974700FEA359 /* UIActionSheet+BMKitAdditions.m in Sources */ = {isa = PBXBuildFile; fileRef = C70C20E313D1974700FEA359 /* UIActionSheet+BMKitAdditions.m */; };
		C711EBAF13C0C90B0099EAAA /* NSTimer+BMKitAdditions.h in Headers */ = {isa = PBXBuildFile; fileRef = C711EBAD13C0C90B0099EAAA /* NSTimer+BMKitAdditions.h */; settings = {ATTRIBUTES = (Public, ); }; };
		C711EBB013C0C90B0099EAAA /* NSTimer+BMKitAdditions.m in Sources */ = {isa = PBXBuildFile; fileRef = C711EBAE13C0C90B0099EAAA /* NSTimer+BMKitAdditions.m */; };
		C711EBB413C0E8E80099EAAA /* NSThread+BMKitAdditions.h in Headers */ = {isa = PBXBuildFile; fileRef = C711EBB213C0E8E80099EAAA /* NSThread+BMKitAdditions.h */; settings = {ATTRIBUTES = (Public, ); }; };
		C711EBB513C0E8E80099EAAA /* NSThread+BMKitAdditions.m in Sources */ = {isa = PBXBuildFile; fileRef = C711EBB313C0E8E80099EAAA /* NSThread+BMKitAdditions.m */; };
		C711ECA313C4D3AD0099EAAA /* BMImageUtilities.h in Headers */ = {isa = PBXBuildFile; fileRef = C711ECA213C4D3AD0099EAAA /* BMImageUtilities.h */; settings = {ATTRIBUTES = (Public, ); }; };
		C711ECA513C4D3C60099EAAA /* BMImageUtilities.c in Sources */ = {isa = PBXBuildFile; fileRef = C711ECA413C4D3C60099EAAA /* BMImageUtilities.c */; };
		C711ECA713C4D6930099EAAA /* MobileCoreServices.framework in Frameworks */ = {isa = PBXBuildFile; fileRef = C711ECA613C4D6930099EAAA /* MobileCoreServices.framework */; };
		C711ECA913C4D6980099EAAA /* ImageIO.framework in Frameworks */ = {isa = PBXBuildFile; fileRef = C711ECA813C4D6970099EAAA /* ImageIO.framework */; };
		C711ECAB13C4D6C30099EAAA /* CoreGraphics.framework in Frameworks */ = {isa = PBXBuildFile; fileRef = C711ECAA13C4D6C30099EAAA /* CoreGraphics.framework */; };
		C711ECAE13C4D8890099EAAA /* UIImage+BMKitAdditions.h in Headers */ = {isa = PBXBuildFile; fileRef = C711ECAC13C4D8890099EAAA /* UIImage+BMKitAdditions.h */; settings = {ATTRIBUTES = (Public, ); }; };
		C711ECAF13C4D8890099EAAA /* UIImage+BMKitAdditions.m in Sources */ = {isa = PBXBuildFile; fileRef = C711ECAD13C4D8890099EAAA /* UIImage+BMKitAdditions.m */; };
		C72092FC13C8415200397C66 /* BMObjectUtilities.h in Headers */ = {isa = PBXBuildFile; fileRef = C72092FA13C8415200397C66 /* BMObjectUtilities.h */; settings = {ATTRIBUTES = (Public, ); }; };
		C72092FD13C8415200397C66 /* BMObjectUtilities.m in Sources */ = {isa = PBXBuildFile; fileRef = C72092FB13C8415200397C66 /* BMObjectUtilities.m */; };
		C72E12DB13D4283D00181DC3 /* NSArray+BMKitAdditions.h in Headers */ = {isa = PBXBuildFile; fileRef = C72E12D913D4283D00181DC3 /* NSArray+BMKitAdditions.h */; settings = {ATTRIBUTES = (Public, ); }; };
		C72E12DC13D4283D00181DC3 /* NSArray+BMKitAdditions.m in Sources */ = {isa = PBXBuildFile; fileRef = C72E12DA13D4283D00181DC3 /* NSArray+BMKitAdditions.m */; };
		C72E12E813D43DED00181DC3 /* NSMutableArray+BMKitAdditions.h in Headers */ = {isa = PBXBuildFile; fileRef = C72E12E613D43DED00181DC3 /* NSMutableArray+BMKitAdditions.h */; settings = {ATTRIBUTES = (Public, ); }; };
		C72E12E913D43DED00181DC3 /* NSMutableArray+BMKitAdditions.m in Sources */ = {isa = PBXBuildFile; fileRef = C72E12E713D43DED00181DC3 /* NSMutableArray+BMKitAdditions.m */; };
		C72E12F013D4490500181DC3 /* NSSet+BMKitAdditions.h in Headers */ = {isa = PBXBuildFile; fileRef = C72E12EE13D4490500181DC3 /* NSSet+BMKitAdditions.h */; settings = {ATTRIBUTES = (Public, ); }; };
		C72E12F113D4490500181DC3 /* NSSet+BMKitAdditions.m in Sources */ = {isa = PBXBuildFile; fileRef = C72E12EF13D4490500181DC3 /* NSSet+BMKitAdditions.m */; };
		C72E12F413D44E4700181DC3 /* NSMutableSet+BMKitAdditions.h in Headers */ = {isa = PBXBuildFile; fileRef = C72E12F213D44E4700181DC3 /* NSMutableSet+BMKitAdditions.h */; settings = {ATTRIBUTES = (Public, ); }; };
		C72E12F513D44E4700181DC3 /* NSMutableSet+BMKitAdditions.m in Sources */ = {isa = PBXBuildFile; fileRef = C72E12F313D44E4700181DC3 /* NSMutableSet+BMKitAdditions.m */; };
		C72E132213D457C000181DC3 /* BMNetworkReachabilityController.h in Headers */ = {isa = PBXBuildFile; fileRef = C72E132013D457C000181DC3 /* BMNetworkReachabilityController.h */; settings = {ATTRIBUTES = (Public, ); }; };
		C72E132313D457C000181DC3 /* BMNetworkReachabilityController.m in Sources */ = {isa = PBXBuildFile; fileRef = C72E132113D457C000181DC3 /* BMNetworkReachabilityController.m */; };
		C72E132513D457DF00181DC3 /* SystemConfiguration.framework in Frameworks */ = {isa = PBXBuildFile; fileRef = C72E132413D457DE00181DC3 /* SystemConfiguration.framework */; };
		C7BB3F8E13C0C44500E23AAD /* UIImagePickerController+BMKitAdditions.h in Headers */ = {isa = PBXBuildFile; fileRef = C7BB3F8C13C0C44500E23AAD /* UIImagePickerController+BMKitAdditions.h */; settings = {ATTRIBUTES = (Public, ); }; };
		C7BB3F8F13C0C44500E23AAD /* UIImagePickerController+BMKitAdditions.m in Sources */ = {isa = PBXBuildFile; fileRef = C7BB3F8D13C0C44500E23AAD /* UIImagePickerController+BMKitAdditions.m */; };
		C7BB3F9213C0C46E00E23AAD /* UIKit.framework in Frameworks */ = {isa = PBXBuildFile; fileRef = C7BB3F9113C0C46E00E23AAD /* UIKit.framework */; };
		C7F1F36413C05D0D00F1DED1 /* Foundation.framework in Frameworks */ = {isa = PBXBuildFile; fileRef = C7F1F36313C05D0D00F1DED1 /* Foundation.framework */; };
		C7F1F36F13C05E0200F1DED1 /* NSObject+BMKitAdditions.h in Headers */ = {isa = PBXBuildFile; fileRef = C7F1F36D13C05E0200F1DED1 /* NSObject+BMKitAdditions.h */; settings = {ATTRIBUTES = (Public, ); }; };
		C7F1F37013C05E0200F1DED1 /* NSObject+BMKitAdditions.m in Sources */ = {isa = PBXBuildFile; fileRef = C7F1F36E13C05E0200F1DED1 /* NSObject+BMKitAdditions.m */; };
		C7F1F37313C06D2500F1DED1 /* BMKit.h in Headers */ = {isa = PBXBuildFile; fileRef = C7F1F37213C06D2500F1DED1 /* BMKit.h */; settings = {ATTRIBUTES = (Public, ); }; };
		C7F1F37613C06D8000F1DED1 /* NSData+BMKitAdditions.h in Headers */ = {isa = PBXBuildFile; fileRef = C7F1F37413C06D8000F1DED1 /* NSData+BMKitAdditions.h */; settings = {ATTRIBUTES = (Public, ); }; };
		C7F1F37713C06D8000F1DED1 /* NSData+BMKitAdditions.m in Sources */ = {isa = PBXBuildFile; fileRef = C7F1F37513C06D8000F1DED1 /* NSData+BMKitAdditions.m */; };
		C7F1F38D13C086E200F1DED1 /* BMKitTypes.h in Headers */ = {isa = PBXBuildFile; fileRef = C7F1F38C13C086E100F1DED1 /* BMKitTypes.h */; settings = {ATTRIBUTES = (Public, ); }; };
/* End PBXBuildFile section */

/* Begin PBXFileReference section */
		C70C20E213D1974700FEA359 /* UIActionSheet+BMKitAdditions.h */ = {isa = PBXFileReference; fileEncoding = 4; lastKnownFileType = sourcecode.c.h; path = "UIActionSheet+BMKitAdditions.h"; sourceTree = "<group>"; };
		C70C20E313D1974700FEA359 /* UIActionSheet+BMKitAdditions.m */ = {isa = PBXFileReference; fileEncoding = 4; lastKnownFileType = sourcecode.c.objc; path = "UIActionSheet+BMKitAdditions.m"; sourceTree = "<group>"; };
		C711EBAD13C0C90B0099EAAA /* NSTimer+BMKitAdditions.h */ = {isa = PBXFileReference; fileEncoding = 4; lastKnownFileType = sourcecode.c.h; path = "NSTimer+BMKitAdditions.h"; sourceTree = "<group>"; };
		C711EBAE13C0C90B0099EAAA /* NSTimer+BMKitAdditions.m */ = {isa = PBXFileReference; fileEncoding = 4; lastKnownFileType = sourcecode.c.objc; path = "NSTimer+BMKitAdditions.m"; sourceTree = "<group>"; };
		C711EBB213C0E8E80099EAAA /* NSThread+BMKitAdditions.h */ = {isa = PBXFileReference; fileEncoding = 4; lastKnownFileType = sourcecode.c.h; path = "NSThread+BMKitAdditions.h"; sourceTree = "<group>"; };
		C711EBB313C0E8E80099EAAA /* NSThread+BMKitAdditions.m */ = {isa = PBXFileReference; fileEncoding = 4; lastKnownFileType = sourcecode.c.objc; path = "NSThread+BMKitAdditions.m"; sourceTree = "<group>"; };
		C711ECA213C4D3AD0099EAAA /* BMImageUtilities.h */ = {isa = PBXFileReference; fileEncoding = 4; lastKnownFileType = sourcecode.c.h; path = BMImageUtilities.h; sourceTree = "<group>"; };
		C711ECA413C4D3C60099EAAA /* BMImageUtilities.c */ = {isa = PBXFileReference; fileEncoding = 4; lastKnownFileType = sourcecode.c.c; path = BMImageUtilities.c; sourceTree = "<group>"; };
		C711ECA613C4D6930099EAAA /* MobileCoreServices.framework */ = {isa = PBXFileReference; lastKnownFileType = wrapper.framework; name = MobileCoreServices.framework; path = System/Library/Frameworks/MobileCoreServices.framework; sourceTree = SDKROOT; };
		C711ECA813C4D6970099EAAA /* ImageIO.framework */ = {isa = PBXFileReference; lastKnownFileType = wrapper.framework; name = ImageIO.framework; path = System/Library/Frameworks/ImageIO.framework; sourceTree = SDKROOT; };
		C711ECAA13C4D6C30099EAAA /* CoreGraphics.framework */ = {isa = PBXFileReference; lastKnownFileType = wrapper.framework; name = CoreGraphics.framework; path = System/Library/Frameworks/CoreGraphics.framework; sourceTree = SDKROOT; };
		C711ECAC13C4D8890099EAAA /* UIImage+BMKitAdditions.h */ = {isa = PBXFileReference; fileEncoding = 4; lastKnownFileType = sourcecode.c.h; path = "UIImage+BMKitAdditions.h"; sourceTree = "<group>"; };
		C711ECAD13C4D8890099EAAA /* UIImage+BMKitAdditions.m */ = {isa = PBXFileReference; fileEncoding = 4; lastKnownFileType = sourcecode.c.objc; path = "UIImage+BMKitAdditions.m"; sourceTree = "<group>"; };
		C72092FA13C8415200397C66 /* BMObjectUtilities.h */ = {isa = PBXFileReference; fileEncoding = 4; lastKnownFileType = sourcecode.c.h; path = BMObjectUtilities.h; sourceTree = "<group>"; };
		C72092FB13C8415200397C66 /* BMObjectUtilities.m */ = {isa = PBXFileReference; fileEncoding = 4; lastKnownFileType = sourcecode.c.objc; path = BMObjectUtilities.m; sourceTree = "<group>"; };
		C72E12D913D4283D00181DC3 /* NSArray+BMKitAdditions.h */ = {isa = PBXFileReference; fileEncoding = 4; lastKnownFileType = sourcecode.c.h; path = "NSArray+BMKitAdditions.h"; sourceTree = "<group>"; };
		C72E12DA13D4283D00181DC3 /* NSArray+BMKitAdditions.m */ = {isa = PBXFileReference; fileEncoding = 4; lastKnownFileType = sourcecode.c.objc; path = "NSArray+BMKitAdditions.m"; sourceTree = "<group>"; };
		C72E12E613D43DED00181DC3 /* NSMutableArray+BMKitAdditions.h */ = {isa = PBXFileReference; fileEncoding = 4; lastKnownFileType = sourcecode.c.h; path = "NSMutableArray+BMKitAdditions.h"; sourceTree = "<group>"; };
		C72E12E713D43DED00181DC3 /* NSMutableArray+BMKitAdditions.m */ = {isa = PBXFileReference; fileEncoding = 4; lastKnownFileType = sourcecode.c.objc; path = "NSMutableArray+BMKitAdditions.m"; sourceTree = "<group>"; };
		C72E12EE13D4490500181DC3 /* NSSet+BMKitAdditions.h */ = {isa = PBXFileReference; fileEncoding = 4; lastKnownFileType = sourcecode.c.h; path = "NSSet+BMKitAdditions.h"; sourceTree = "<group>"; };
		C72E12EF13D4490500181DC3 /* NSSet+BMKitAdditions.m */ = {isa = PBXFileReference; fileEncoding = 4; lastKnownFileType = sourcecode.c.objc; path = "NSSet+BMKitAdditions.m"; sourceTree = "<group>"; };
		C72E12F213D44E4700181DC3 /* NSMutableSet+BMKitAdditions.h */ = {isa = PBXFileReference; fileEncoding = 4; lastKnownFileType = sourcecode.c.h; path = "NSMutableSet+BMKitAdditions.h"; sourceTree = "<group>"; };
		C72E12F313D44E4700181DC3 /* NSMutableSet+BMKitAdditions.m */ = {isa = PBXFileReference; fileEncoding = 4; lastKnownFileType = sourcecode.c.objc; path = "NSMutableSet+BMKitAdditions.m"; sourceTree = "<group>"; };
		C72E132013D457C000181DC3 /* BMNetworkReachabilityController.h */ = {isa = PBXFileReference; fileEncoding = 4; lastKnownFileType = sourcecode.c.h; path = BMNetworkReachabilityController.h; sourceTree = "<group>"; };
		C72E132113D457C000181DC3 /* BMNetworkReachabilityController.m */ = {isa = PBXFileReference; fileEncoding = 4; lastKnownFileType = sourcecode.c.objc; path = BMNetworkReachabilityController.m; sourceTree = "<group>"; };
		C72E132413D457DE00181DC3 /* SystemConfiguration.framework */ = {isa = PBXFileReference; lastKnownFileType = wrapper.framework; name = SystemConfiguration.framework; path = System/Library/Frameworks/SystemConfiguration.framework; sourceTree = SDKROOT; };
		C7BB3F8C13C0C44500E23AAD /* UIImagePickerController+BMKitAdditions.h */ = {isa = PBXFileReference; fileEncoding = 4; lastKnownFileType = sourcecode.c.h; path = "UIImagePickerController+BMKitAdditions.h"; sourceTree = "<group>"; };
		C7BB3F8D13C0C44500E23AAD /* UIImagePickerController+BMKitAdditions.m */ = {isa = PBXFileReference; fileEncoding = 4; lastKnownFileType = sourcecode.c.objc; path = "UIImagePickerController+BMKitAdditions.m"; sourceTree = "<group>"; };
		C7BB3F9113C0C46E00E23AAD /* UIKit.framework */ = {isa = PBXFileReference; lastKnownFileType = wrapper.framework; name = UIKit.framework; path = System/Library/Frameworks/UIKit.framework; sourceTree = SDKROOT; };
		C7F1F36013C05D0D00F1DED1 /* libBMKit.a */ = {isa = PBXFileReference; explicitFileType = archive.ar; includeInIndex = 0; path = libBMKit.a; sourceTree = BUILT_PRODUCTS_DIR; };
		C7F1F36313C05D0D00F1DED1 /* Foundation.framework */ = {isa = PBXFileReference; lastKnownFileType = wrapper.framework; name = Foundation.framework; path = System/Library/Frameworks/Foundation.framework; sourceTree = SDKROOT; };
		C7F1F36713C05D0D00F1DED1 /* BMKit-Prefix.pch */ = {isa = PBXFileReference; lastKnownFileType = sourcecode.c.h; path = "BMKit-Prefix.pch"; sourceTree = "<group>"; };
		C7F1F36D13C05E0200F1DED1 /* NSObject+BMKitAdditions.h */ = {isa = PBXFileReference; fileEncoding = 4; lastKnownFileType = sourcecode.c.h; path = "NSObject+BMKitAdditions.h"; sourceTree = "<group>"; };
		C7F1F36E13C05E0200F1DED1 /* NSObject+BMKitAdditions.m */ = {isa = PBXFileReference; fileEncoding = 4; lastKnownFileType = sourcecode.c.objc; path = "NSObject+BMKitAdditions.m"; sourceTree = "<group>"; };
		C7F1F37213C06D2500F1DED1 /* BMKit.h */ = {isa = PBXFileReference; fileEncoding = 4; lastKnownFileType = sourcecode.c.h; path = BMKit.h; sourceTree = "<group>"; };
		C7F1F37413C06D8000F1DED1 /* NSData+BMKitAdditions.h */ = {isa = PBXFileReference; fileEncoding = 4; lastKnownFileType = sourcecode.c.h; path = "NSData+BMKitAdditions.h"; sourceTree = "<group>"; };
		C7F1F37513C06D8000F1DED1 /* NSData+BMKitAdditions.m */ = {isa = PBXFileReference; fileEncoding = 4; lastKnownFileType = sourcecode.c.objc; path = "NSData+BMKitAdditions.m"; sourceTree = "<group>"; };
		C7F1F38C13C086E100F1DED1 /* BMKitTypes.h */ = {isa = PBXFileReference; fileEncoding = 4; lastKnownFileType = sourcecode.c.h; path = BMKitTypes.h; sourceTree = "<group>"; };
/* End PBXFileReference section */

/* Begin PBXFrameworksBuildPhase section */
		C7F1F35D13C05D0D00F1DED1 /* Frameworks */ = {
			isa = PBXFrameworksBuildPhase;
			buildActionMask = 2147483647;
			files = (
				C711ECAB13C4D6C30099EAAA /* CoreGraphics.framework in Frameworks */,
				C7F1F36413C05D0D00F1DED1 /* Foundation.framework in Frameworks */,
				C711ECA913C4D6980099EAAA /* ImageIO.framework in Frameworks */,
				C711ECA713C4D6930099EAAA /* MobileCoreServices.framework in Frameworks */,
				C72E132513D457DF00181DC3 /* SystemConfiguration.framework in Frameworks */,
				C7BB3F9213C0C46E00E23AAD /* UIKit.framework in Frameworks */,
			);
			runOnlyForDeploymentPostprocessing = 0;
		};
/* End PBXFrameworksBuildPhase section */

/* Begin PBXGroup section */
		C711EC9E13C4D2F40099EAAA /* CoreGraphics Extensions */ = {
			isa = PBXGroup;
			children = (
				C711ECA213C4D3AD0099EAAA /* BMImageUtilities.h */,
				C711ECA413C4D3C60099EAAA /* BMImageUtilities.c */,
			);
			name = "CoreGraphics Extensions";
			sourceTree = "<group>";
		};
		C711ECA013C4D32A0099EAAA /* UIKit Extensions */ = {
			isa = PBXGroup;
			children = (
				C70C20E213D1974700FEA359 /* UIActionSheet+BMKitAdditions.h */,
				C70C20E313D1974700FEA359 /* UIActionSheet+BMKitAdditions.m */,
				C711ECAC13C4D8890099EAAA /* UIImage+BMKitAdditions.h */,
				C711ECAD13C4D8890099EAAA /* UIImage+BMKitAdditions.m */,
				C7BB3F8C13C0C44500E23AAD /* UIImagePickerController+BMKitAdditions.h */,
				C7BB3F8D13C0C44500E23AAD /* UIImagePickerController+BMKitAdditions.m */,
			);
			name = "UIKit Extensions";
			sourceTree = "<group>";
		};
		C72E131E13D4577F00181DC3 /* Networking */ = {
			isa = PBXGroup;
			children = (
				C72E132013D457C000181DC3 /* BMNetworkReachabilityController.h */,
				C72E132113D457C000181DC3 /* BMNetworkReachabilityController.m */,
			);
			name = Networking;
			sourceTree = "<group>";
		};
		C7F1F35513C05D0D00F1DED1 = {
			isa = PBXGroup;
			children = (
				C7F1F36513C05D0D00F1DED1 /* BMKit */,
				C7F1F36213C05D0D00F1DED1 /* Frameworks */,
				C7F1F36113C05D0D00F1DED1 /* Products */,
			);
			sourceTree = "<group>";
		};
		C7F1F36113C05D0D00F1DED1 /* Products */ = {
			isa = PBXGroup;
			children = (
				C7F1F36013C05D0D00F1DED1 /* libBMKit.a */,
			);
			name = Products;
			sourceTree = "<group>";
		};
		C7F1F36213C05D0D00F1DED1 /* Frameworks */ = {
			isa = PBXGroup;
			children = (
				C711ECAA13C4D6C30099EAAA /* CoreGraphics.framework */,
				C7F1F36313C05D0D00F1DED1 /* Foundation.framework */,
				C711ECA813C4D6970099EAAA /* ImageIO.framework */,
				C711ECA613C4D6930099EAAA /* MobileCoreServices.framework */,
				C72E132413D457DE00181DC3 /* SystemConfiguration.framework */,
				C7BB3F9113C0C46E00E23AAD /* UIKit.framework */,
			);
			name = Frameworks;
			sourceTree = "<group>";
		};
		C7F1F36513C05D0D00F1DED1 /* BMKit */ = {
			isa = PBXGroup;
			children = (
				C72E131E13D4577F00181DC3 /* Networking */,
				C711EC9E13C4D2F40099EAAA /* CoreGraphics Extensions */,
				C7F1F37113C05E0700F1DED1 /* Foundation Extensions */,
				C711ECA013C4D32A0099EAAA /* UIKit Extensions */,
				C7F1F36613C05D0D00F1DED1 /* Supporting Files */,
				C7F1F37213C06D2500F1DED1 /* BMKit.h */,
				C7F1F38C13C086E100F1DED1 /* BMKitTypes.h */,
			);
			path = BMKit;
			sourceTree = "<group>";
		};
		C7F1F36613C05D0D00F1DED1 /* Supporting Files */ = {
			isa = PBXGroup;
			children = (
				C7F1F36713C05D0D00F1DED1 /* BMKit-Prefix.pch */,
			);
			name = "Supporting Files";
			sourceTree = "<group>";
		};
		C7F1F37113C05E0700F1DED1 /* Foundation Extensions */ = {
			isa = PBXGroup;
			children = (
				C72092FA13C8415200397C66 /* BMObjectUtilities.h */,
				C72092FB13C8415200397C66 /* BMObjectUtilities.m */,
				C72E12D913D4283D00181DC3 /* NSArray+BMKitAdditions.h */,
				C72E12DA13D4283D00181DC3 /* NSArray+BMKitAdditions.m */,
				C7F1F37413C06D8000F1DED1 /* NSData+BMKitAdditions.h */,
				C7F1F37513C06D8000F1DED1 /* NSData+BMKitAdditions.m */,
				C72E12E613D43DED00181DC3 /* NSMutableArray+BMKitAdditions.h */,
				C72E12E713D43DED00181DC3 /* NSMutableArray+BMKitAdditions.m */,
				C72E12F213D44E4700181DC3 /* NSMutableSet+BMKitAdditions.h */,
				C72E12F313D44E4700181DC3 /* NSMutableSet+BMKitAdditions.m */,
				C7F1F36D13C05E0200F1DED1 /* NSObject+BMKitAdditions.h */,
				C7F1F36E13C05E0200F1DED1 /* NSObject+BMKitAdditions.m */,
				C72E12EE13D4490500181DC3 /* NSSet+BMKitAdditions.h */,
				C72E12EF13D4490500181DC3 /* NSSet+BMKitAdditions.m */,
				C711EBB213C0E8E80099EAAA /* NSThread+BMKitAdditions.h */,
				C711EBB313C0E8E80099EAAA /* NSThread+BMKitAdditions.m */,
				C711EBAD13C0C90B0099EAAA /* NSTimer+BMKitAdditions.h */,
				C711EBAE13C0C90B0099EAAA /* NSTimer+BMKitAdditions.m */,
			);
			name = "Foundation Extensions";
			sourceTree = "<group>";
		};
/* End PBXGroup section */

/* Begin PBXHeadersBuildPhase section */
		C7F1F35E13C05D0D00F1DED1 /* Headers */ = {
			isa = PBXHeadersBuildPhase;
			buildActionMask = 2147483647;
			files = (
				C7F1F36F13C05E0200F1DED1 /* NSObject+BMKitAdditions.h in Headers */,
				C7F1F37313C06D2500F1DED1 /* BMKit.h in Headers */,
				C7F1F37613C06D8000F1DED1 /* NSData+BMKitAdditions.h in Headers */,
				C7F1F38D13C086E200F1DED1 /* BMKitTypes.h in Headers */,
				C7BB3F8E13C0C44500E23AAD /* UIImagePickerController+BMKitAdditions.h in Headers */,
				C711EBAF13C0C90B0099EAAA /* NSTimer+BMKitAdditions.h in Headers */,
				C711EBB413C0E8E80099EAAA /* NSThread+BMKitAdditions.h in Headers */,
				C711ECA313C4D3AD0099EAAA /* BMImageUtilities.h in Headers */,
				C711ECAE13C4D8890099EAAA /* UIImage+BMKitAdditions.h in Headers */,
				C72092FC13C8415200397C66 /* BMObjectUtilities.h in Headers */,
				C70C20E413D1974700FEA359 /* UIActionSheet+BMKitAdditions.h in Headers */,
				C72E12DB13D4283D00181DC3 /* NSArray+BMKitAdditions.h in Headers */,
				C72E12E813D43DED00181DC3 /* NSMutableArray+BMKitAdditions.h in Headers */,
				C72E12F013D4490500181DC3 /* NSSet+BMKitAdditions.h in Headers */,
				C72E12F413D44E4700181DC3 /* NSMutableSet+BMKitAdditions.h in Headers */,
				C72E132213D457C000181DC3 /* BMNetworkReachabilityController.h in Headers */,
			);
			runOnlyForDeploymentPostprocessing = 0;
		};
/* End PBXHeadersBuildPhase section */

/* Begin PBXNativeTarget section */
		C7F1F35F13C05D0D00F1DED1 /* BMKit */ = {
			isa = PBXNativeTarget;
			buildConfigurationList = C7F1F36A13C05D0D00F1DED1 /* Build configuration list for PBXNativeTarget "BMKit" */;
			buildPhases = (
				C7F1F35C13C05D0D00F1DED1 /* Sources */,
				C7F1F35D13C05D0D00F1DED1 /* Frameworks */,
				C7F1F35E13C05D0D00F1DED1 /* Headers */,
			);
			buildRules = (
			);
			dependencies = (
			);
			name = BMKit;
			productName = BMKit;
			productReference = C7F1F36013C05D0D00F1DED1 /* libBMKit.a */;
			productType = "com.apple.product-type.library.static";
		};
/* End PBXNativeTarget section */

/* Begin PBXProject section */
		C7F1F35713C05D0D00F1DED1 /* Project object */ = {
			isa = PBXProject;
			attributes = {
				ORGANIZATIONNAME = "Benedikt Meurer";
			};
			buildConfigurationList = C7F1F35A13C05D0D00F1DED1 /* Build configuration list for PBXProject "BMKit" */;
			compatibilityVersion = "Xcode 3.2";
			developmentRegion = English;
			hasScannedForEncodings = 0;
			knownRegions = (
				en,
			);
			mainGroup = C7F1F35513C05D0D00F1DED1;
			productRefGroup = C7F1F36113C05D0D00F1DED1 /* Products */;
			projectDirPath = "";
			projectRoot = "";
			targets = (
				C7F1F35F13C05D0D00F1DED1 /* BMKit */,
			);
		};
/* End PBXProject section */

/* Begin PBXSourcesBuildPhase section */
		C7F1F35C13C05D0D00F1DED1 /* Sources */ = {
			isa = PBXSourcesBuildPhase;
			buildActionMask = 2147483647;
			files = (
				C7F1F37013C05E0200F1DED1 /* NSObject+BMKitAdditions.m in Sources */,
				C7F1F37713C06D8000F1DED1 /* NSData+BMKitAdditions.m in Sources */,
				C7BB3F8F13C0C44500E23AAD /* UIImagePickerController+BMKitAdditions.m in Sources */,
				C711EBB013C0C90B0099EAAA /* NSTimer+BMKitAdditions.m in Sources */,
				C711EBB513C0E8E80099EAAA /* NSThread+BMKitAdditions.m in Sources */,
				C711ECA513C4D3C60099EAAA /* BMImageUtilities.c in Sources */,
				C711ECAF13C4D8890099EAAA /* UIImage+BMKitAdditions.m in Sources */,
				C72092FD13C8415200397C66 /* BMObjectUtilities.m in Sources */,
				C70C20E513D1974700FEA359 /* UIActionSheet+BMKitAdditions.m in Sources */,
				C72E12DC13D4283D00181DC3 /* NSArray+BMKitAdditions.m in Sources */,
				C72E12E913D43DED00181DC3 /* NSMutableArray+BMKitAdditions.m in Sources */,
				C72E12F113D4490500181DC3 /* NSSet+BMKitAdditions.m in Sources */,
				C72E12F513D44E4700181DC3 /* NSMutableSet+BMKitAdditions.m in Sources */,
				C72E132313D457C000181DC3 /* BMNetworkReachabilityController.m in Sources */,
			);
			runOnlyForDeploymentPostprocessing = 0;
		};
/* End PBXSourcesBuildPhase section */

/* Begin XCBuildConfiguration section */
		C7F1F36813C05D0D00F1DED1 /* Debug */ = {
			isa = XCBuildConfiguration;
			buildSettings = {
				ALWAYS_SEARCH_USER_PATHS = NO;
				ARCHS = "$(ARCHS_STANDARD_32_BIT)";
				COPY_PHASE_STRIP = NO;
				GCC_C_LANGUAGE_STANDARD = gnu99;
				GCC_OPTIMIZATION_LEVEL = 0;
				GCC_PREPROCESSOR_DEFINITIONS = DEBUG;
				GCC_SYMBOLS_PRIVATE_EXTERN = NO;
				GCC_VERSION = "";
				GCC_WARN_ABOUT_RETURN_TYPE = YES;
				GCC_WARN_UNUSED_VARIABLE = YES;
				IPHONEOS_DEPLOYMENT_TARGET = 4.0;
				RUN_CLANG_STATIC_ANALYZER = YES;
				SDKROOT = iphoneos;
			};
			name = Debug;
		};
		C7F1F36913C05D0D00F1DED1 /* Release */ = {
			isa = XCBuildConfiguration;
			buildSettings = {
				ALWAYS_SEARCH_USER_PATHS = NO;
				ARCHS = "$(ARCHS_STANDARD_32_BIT)";
				GCC_C_LANGUAGE_STANDARD = gnu99;
				GCC_OPTIMIZATION_LEVEL = s;
				GCC_PREPROCESSOR_DEFINITIONS = NS_BLOCK_ASSERTIONS;
				GCC_VERSION = "";
				GCC_WARN_ABOUT_RETURN_TYPE = YES;
				GCC_WARN_UNUSED_VARIABLE = YES;
				IPHONEOS_DEPLOYMENT_TARGET = 4.0;
				RUN_CLANG_STATIC_ANALYZER = YES;
				SDKROOT = iphoneos;
				VALIDATE_PRODUCT = YES;
			};
			name = Release;
		};
		C7F1F36B13C05D0D00F1DED1 /* Debug */ = {
			isa = XCBuildConfiguration;
			buildSettings = {
				ALWAYS_SEARCH_USER_PATHS = NO;
				DSTROOT = /tmp/BMKit.dst;
				GCC_PRECOMPILE_PREFIX_HEADER = YES;
				GCC_PREFIX_HEADER = "BMKit/BMKit-Prefix.pch";
				GCC_VERSION = "";
				OTHER_LDFLAGS = "-ObjC";
				PRIVATE_HEADERS_FOLDER_PATH = "/../$(PRODUCT_NAME)/$(PRODUCT_NAME)";
				PRODUCT_NAME = "$(TARGET_NAME)";
				PUBLIC_HEADERS_FOLDER_PATH = "/../$(PRODUCT_NAME)/$(PRODUCT_NAME)";
			};
			name = Debug;
		};
		C7F1F36C13C05D0D00F1DED1 /* Release */ = {
			isa = XCBuildConfiguration;
			buildSettings = {
				ALWAYS_SEARCH_USER_PATHS = NO;
				DSTROOT = /tmp/BMKit.dst;
				GCC_PRECOMPILE_PREFIX_HEADER = YES;
				GCC_PREFIX_HEADER = "BMKit/BMKit-Prefix.pch";
				GCC_VERSION = "";
				OTHER_LDFLAGS = "-ObjC";
				PRIVATE_HEADERS_FOLDER_PATH = "/../$(PRODUCT_NAME)/$(PRODUCT_NAME)";
				PRODUCT_NAME = "$(TARGET_NAME)";
				PUBLIC_HEADERS_FOLDER_PATH = "/../$(PRODUCT_NAME)/$(PRODUCT_NAME)";
			};
			name = Release;
		};
/* End XCBuildConfiguration section */

/* Begin XCConfigurationList section */
		C7F1F35A13C05D0D00F1DED1 /* Build configuration list for PBXProject "BMKit" */ = {
			isa = XCConfigurationList;
			buildConfigurations = (
				C7F1F36813C05D0D00F1DED1 /* Debug */,
				C7F1F36913C05D0D00F1DED1 /* Release */,
			);
			defaultConfigurationIsVisible = 0;
			defaultConfigurationName = Release;
		};
		C7F1F36A13C05D0D00F1DED1 /* Build configuration list for PBXNativeTarget "BMKit" */ = {
			isa = XCConfigurationList;
			buildConfigurations = (
				C7F1F36B13C05D0D00F1DED1 /* Debug */,
				C7F1F36C13C05D0D00F1DED1 /* Release */,
			);
			defaultConfigurationIsVisible = 0;
			defaultConfigurationName = Release;
		};
/* End XCConfigurationList section */
	};
	rootObject = C7F1F35713C05D0D00F1DED1 /* Project object */;
}
